
Microsoft Visual Studio Solution File, Format Version 12.00
# Visual Studio Version 16
VisualStudioVersion = 16.0.32802.440
MinimumVisualStudioVersion = 10.0.40219.1
Project("{FAE04EC0-301F-11D3-BF4B-00C04F79EFBC}") = "multi-propiedades", "multi-propiedades\multi-propiedades.csproj", "{00EBCDEA-7500-4BFD-A714-E4AB888D1B7B}"
EndProject
Global
	GlobalSection(SolutionConfigurationPlatforms) = preSolution
		Debug|Any CPU = Debug|Any CPU
		Release|Any CPU = Release|Any CPU
	EndGlobalSection
	GlobalSection(ProjectConfigurationPlatforms) = postSolution
		{00EBCDEA-7500-4BFD-A714-E4AB888D1B7B}.Debug|Any CPU.ActiveCfg = Debug|Any CPU
		{00EBCDEA-7500-4BFD-A714-E4AB888D1B7B}.Debug|Any CPU.Build.0 = Debug|Any CPU
		{00EBCDEA-7500-4BFD-A714-E4AB888D1B7B}.Release|Any CPU.ActiveCfg = Release|Any CPU
		{00EBCDEA-7500-4BFD-A714-E4AB888D1B7B}.Release|Any CPU.Build.0 = Release|Any CPU
	EndGlobalSection
	GlobalSection(SolutionProperties) = preSolution
		HideSolutionNode = FALSE
	EndGlobalSection
	GlobalSection(ExtensibilityGlobals) = postSolution
		SolutionGuid = {81DC6988-455E-4862-B848-225534428F46}
	EndGlobalSection
EndGlobal
